{
  "name": "led",
  "version": "1.0.0",
  "lockfileVersion": 1,
  "requires": true,
  "dependencies": {
    "bindings": {
      "version": "1.3.0",
      "resolved": "https://registry.npmjs.org/bindings/-/bindings-1.3.0.tgz",
      "integrity": "sha512-DpLh5EzMR2kzvX1KIlVC0VkC3iZtHKTgdtZ0a3pglBZdaQFjt5S9g9xd1lE+YvXyfd6mtCeRnrUfOLYiTMlNSw=="
    },
    "nan": {
      "version": "2.10.0",
      "resolved": "https://registry.npmjs.org/nan/-/nan-2.10.0.tgz",
      "integrity": "sha512-bAdJv7fBLhWC+/Bls0Oza+mvTaNQtP+1RyhhhvD95pgUJz6XM5IzgmxOkItJ9tkoCiplvAnXI1tNmmUD/eScyA=="
    },
    "neopixels": {
      "version": "0.0.5",
      "resolved": "https://registry.npmjs.org/neopixels/-/neopixels-0.0.5.tgz",
      "integrity": "sha1-ScbMmex4Q2MZMfMKPoXjUucz15s="
    },
    "rpi-version": {
      "version": "1.4.0",
      "resolved": "https://registry.npmjs.org/rpi-version/-/rpi-version-1.4.0.tgz",
      "integrity": "sha1-MzUfVwSgmCNRnTays2uOWzdkNW0="
    },
    "rpi-ws281x-native": {
      "version": "1.0.0-alpha1",
      "resolved": "https://registry.npmjs.org/rpi-ws281x-native/-/rpi-ws281x-native-1.0.0-alpha1.tgz",
      "integrity": "sha512-VWpNNcboszZMQv5jCKZiAMQDZUhZeJyFEiWEYU7MCkIGcSjNgWrNqPwjVnHCOKB8JT5UmtcZh+OfMNQdwas8eQ==",
      "requires": {
        "bindings": "1.3.0",
        "nan": "2.10.0",
        "rpi-version": "1.4.0"
      }
    }
  }
}
