{
  "name": "dride-video",
  "version": "1.0.0",
  "lockfileVersion": 1,
  "requires": true,
  "dependencies": {
    "diskusage": {
      "version": "0.2.4",
      "resolved": "https://registry.npmjs.org/diskusage/-/diskusage-0.2.4.tgz",
      "integrity": "sha512-XCLBopqnV6FUG/DdphILleiubqVERvF1ZRqkvOIiPQeMlU6Im1nvlsYqLUosgmRz1UQOXcwuO0vgqASl7DNg+w==",
      "requires": {
        "nan": "2.8.0"
      }
    },
    "ini": {
      "version": "1.3.5",
      "resolved": "https://registry.npmjs.org/ini/-/ini-1.3.5.tgz",
      "integrity": "sha512-RZY5huIKCMRWDUqZlEi72f/lmXKMvuszcMBduliQ3nnWbx9X/ZBQO7DijMEYS9EhHBb2qacRUMtC7svLwe0lcw=="
    },
    "lodash": {
      "version": "4.17.4",
      "resolved": "https://registry.npmjs.org/lodash/-/lodash-4.17.4.tgz",
      "integrity": "sha1-eCA6TRwyiuHYbcpkYONptX9AVa4="
    },
    "nan": {
      "version": "2.8.0",
      "resolved": "https://registry.npmjs.org/nan/-/nan-2.8.0.tgz",
      "integrity": "sha1-7XFfP+neArV6XmJS2QqWZ14fCFo="
    },
    "raspicam": {
      "version": "0.2.14",
      "resolved": "https://registry.npmjs.org/raspicam/-/raspicam-0.2.14.tgz",
      "integrity": "sha1-fJamEgdHXJ/RBcN87q29XQCMFTU=",
      "requires": {
        "lodash": "4.17.4"
      }
    }
  }
}
